// !$*UTF8*$!
{
	archiveVersion = 1;
	classes = {
	};
	objectVersion = 48;
	objects = {

/* Begin PBXBuildFile section */
		9E7C090420C4C463002C89C3 /* Meme.swift in Sources */ = {isa = PBXBuildFile; fileRef = 9E7C090320C4C463002C89C3 /* Meme.swift */; };
		9E7C090620C4CD65002C89C3 /* MemeTableViewController.swift in Sources */ = {isa = PBXBuildFile; fileRef = 9E7C090520C4CD65002C89C3 /* MemeTableViewController.swift */; };
		9E7C090920C4DD1C002C89C3 /* MemeTableViewCell.swift in Sources */ = {isa = PBXBuildFile; fileRef = 9E7C090820C4DD1C002C89C3 /* MemeTableViewCell.swift */; };
		9E7C090B20C4E051002C89C3 /* MemeCollectionViewCell.swift in Sources */ = {isa = PBXBuildFile; fileRef = 9E7C090A20C4E051002C89C3 /* MemeCollectionViewCell.swift */; };
		9E7C090D20C4E0AF002C89C3 /* MemeCollectionViewController.swift in Sources */ = {isa = PBXBuildFile; fileRef = 9E7C090C20C4E0AF002C89C3 /* MemeCollectionViewController.swift */; };
		FC778918208A660D005B6AE6 /* AppDelegate.swift in Sources */ = {isa = PBXBuildFile; fileRef = FC778917208A660D005B6AE6 /* AppDelegate.swift */; };
		FC77891A208A660D005B6AE6 /* MeMeGeneratorViewController.swift in Sources */ = {isa = PBXBuildFile; fileRef = FC778919208A660D005B6AE6 /* MeMeGeneratorViewController.swift */; };
		FC77891D208A660D005B6AE6 /* MeMeGenerator.storyboard in Resources */ = {isa = PBXBuildFile; fileRef = FC77891B208A660D005B6AE6 /* MeMeGenerator.storyboard */; };
		FC77891F208A660D005B6AE6 /* Assets.xcassets in Resources */ = {isa = PBXBuildFile; fileRef = FC77891E208A660D005B6AE6 /* Assets.xcassets */; };
		FC778922208A660D005B6AE6 /* LaunchScreen.storyboard in Resources */ = {isa = PBXBuildFile; fileRef = FC778920208A660D005B6AE6 /* LaunchScreen.storyboard */; };
		FC77892D208A660E005B6AE6 /* MeMeTests.swift in Sources */ = {isa = PBXBuildFile; fileRef = FC77892C208A660E005B6AE6 /* MeMeTests.swift */; };
		FC778938208A660E005B6AE6 /* MeMeUITests.swift in Sources */ = {isa = PBXBuildFile; fileRef = FC778937208A660E005B6AE6 /* MeMeUITests.swift */; };
/* End PBXBuildFile section */

/* Begin PBXContainerItemProxy section */
		FC778929208A660E005B6AE6 /* PBXContainerItemProxy */ = {
			isa = PBXContainerItemProxy;
			containerPortal = FC77890C208A660D005B6AE6 /* Project object */;
			proxyType = 1;
			remoteGlobalIDString = FC778913208A660D005B6AE6;
			remoteInfo = MeMe;
		};
		FC778934208A660E005B6AE6 /* PBXContainerItemProxy */ = {
			isa = PBXContainerItemProxy;
			containerPortal = FC77890C208A660D005B6AE6 /* Project object */;
			proxyType = 1;
			remoteGlobalIDString = FC778913208A660D005B6AE6;
			remoteInfo = MeMe;
		};
/* End PBXContainerItemProxy section */

/* Begin PBXFileReference section */
		9E7C090320C4C463002C89C3 /* Meme.swift */ = {isa = PBXFileReference; lastKnownFileType = sourcecode.swift; path = Meme.swift; sourceTree = "<group>"; };
		9E7C090520C4CD65002C89C3 /* MemeTableViewController.swift */ = {isa = PBXFileReference; lastKnownFileType = sourcecode.swift; path = MemeTableViewController.swift; sourceTree = "<group>"; };
		9E7C090820C4DD1C002C89C3 /* MemeTableViewCell.swift */ = {isa = PBXFileReference; lastKnownFileType = sourcecode.swift; path = MemeTableViewCell.swift; sourceTree = "<group>"; };
		9E7C090A20C4E051002C89C3 /* MemeCollectionViewCell.swift */ = {isa = PBXFileReference; lastKnownFileType = sourcecode.swift; path = MemeCollectionViewCell.swift; sourceTree = "<group>"; };
		9E7C090C20C4E0AF002C89C3 /* MemeCollectionViewController.swift */ = {isa = PBXFileReference; lastKnownFileType = sourcecode.swift; path = MemeCollectionViewController.swift; sourceTree = "<group>"; };
		FC778914208A660D005B6AE6 /* MeMe.app */ = {isa = PBXFileReference; explicitFileType = wrapper.application; includeInIndex = 0; path = MeMe.app; sourceTree = BUILT_PRODUCTS_DIR; };
		FC778917208A660D005B6AE6 /* AppDelegate.swift */ = {isa = PBXFileReference; lastKnownFileType = sourcecode.swift; path = AppDelegate.swift; sourceTree = "<group>"; };
		FC778919208A660D005B6AE6 /* MeMeGeneratorViewController.swift */ = {isa = PBXFileReference; lastKnownFileType = sourcecode.swift; path = MeMeGeneratorViewController.swift; sourceTree = "<group>"; };
		FC77891C208A660D005B6AE6 /* Base */ = {isa = PBXFileReference; lastKnownFileType = file.storyboard; name = Base; path = Base.lproj/MeMeGenerator.storyboard; sourceTree = "<group>"; };
		FC77891E208A660D005B6AE6 /* Assets.xcassets */ = {isa = PBXFileReference; lastKnownFileType = folder.assetcatalog; path = Assets.xcassets; sourceTree = "<group>"; };
		FC778921208A660D005B6AE6 /* Base */ = {isa = PBXFileReference; lastKnownFileType = file.storyboard; name = Base; path = Base.lproj/LaunchScreen.storyboard; sourceTree = "<group>"; };
		FC778923208A660D005B6AE6 /* Info.plist */ = {isa = PBXFileReference; lastKnownFileType = text.plist.xml; path = Info.plist; sourceTree = "<group>"; };
		FC778928208A660E005B6AE6 /* MeMeTests.xctest */ = {isa = PBXFileReference; explicitFileType = wrapper.cfbundle; includeInIndex = 0; path = MeMeTests.xctest; sourceTree = BUILT_PRODUCTS_DIR; };
		FC77892C208A660E005B6AE6 /* MeMeTests.swift */ = {isa = PBXFileReference; lastKnownFileType = sourcecode.swift; path = MeMeTests.swift; sourceTree = "<group>"; };
		FC77892E208A660E005B6AE6 /* Info.plist */ = {isa = PBXFileReference; lastKnownFileType = text.plist.xml; path = Info.plist; sourceTree = "<group>"; };
		FC778933208A660E005B6AE6 /* MeMeUITests.xctest */ = {isa = PBXFileReference; explicitFileType = wrapper.cfbundle; includeInIndex = 0; path = MeMeUITests.xctest; sourceTree = BUILT_PRODUCTS_DIR; };
		FC778937208A660E005B6AE6 /* MeMeUITests.swift */ = {isa = PBXFileReference; lastKnownFileType = sourcecode.swift; path = MeMeUITests.swift; sourceTree = "<group>"; };
		FC778939208A660E005B6AE6 /* Info.plist */ = {isa = PBXFileReference; lastKnownFileType = text.plist.xml; path = Info.plist; sourceTree = "<group>"; };
/* End PBXFileReference section */

/* Begin PBXFrameworksBuildPhase section */
		FC778911208A660D005B6AE6 /* Frameworks */ = {
			isa = PBXFrameworksBuildPhase;
			buildActionMask = 2147483647;
			files = (
			);
			runOnlyForDeploymentPostprocessing = 0;
		};
		FC778925208A660E005B6AE6 /* Frameworks */ = {
			isa = PBXFrameworksBuildPhase;
			buildActionMask = 2147483647;
			files = (
			);
			runOnlyForDeploymentPostprocessing = 0;
		};
		FC778930208A660E005B6AE6 /* Frameworks */ = {
			isa = PBXFrameworksBuildPhase;
			buildActionMask = 2147483647;
			files = (
			);
			runOnlyForDeploymentPostprocessing = 0;
		};
/* End PBXFrameworksBuildPhase section */

/* Begin PBXGroup section */
		9E7C090020C4C40D002C89C3 /* VIew */ = {
			isa = PBXGroup;
			children = (
				FC778920208A660D005B6AE6 /* LaunchScreen.storyboard */,
				FC77891B208A660D005B6AE6 /* MeMeGenerator.storyboard */,
			);
			path = VIew;
			sourceTree = "<group>";
		};
		9E7C090120C4C41A002C89C3 /* Controller */ = {
			isa = PBXGroup;
			children = (
				9E7C090720C4DCFD002C89C3 /* Cell */,
				FC778919208A660D005B6AE6 /* MeMeGeneratorViewController.swift */,
				9E7C090520C4CD65002C89C3 /* MemeTableViewController.swift */,
				9E7C090C20C4E0AF002C89C3 /* MemeCollectionViewController.swift */,
			);
			path = Controller;
			sourceTree = "<group>";
		};
		9E7C090220C4C41F002C89C3 /* Model */ = {
			isa = PBXGroup;
			children = (
				9E7C090320C4C463002C89C3 /* Meme.swift */,
			);
			path = Model;
			sourceTree = "<group>";
		};
		9E7C090720C4DCFD002C89C3 /* Cell */ = {
			isa = PBXGroup;
			children = (
				9E7C090820C4DD1C002C89C3 /* MemeTableViewCell.swift */,
				9E7C090A20C4E051002C89C3 /* MemeCollectionViewCell.swift */,
			);
			path = Cell;
			sourceTree = "<group>";
		};
		FC77890B208A660D005B6AE6 = {
			isa = PBXGroup;
			children = (
				FC778916208A660D005B6AE6 /* MeMe */,
				FC77892B208A660E005B6AE6 /* MeMeTests */,
				FC778936208A660E005B6AE6 /* MeMeUITests */,
				FC778915208A660D005B6AE6 /* Products */,
			);
			sourceTree = "<group>";
		};
		FC778915208A660D005B6AE6 /* Products */ = {
			isa = PBXGroup;
			children = (
				FC778914208A660D005B6AE6 /* MeMe.app */,
				FC778928208A660E005B6AE6 /* MeMeTests.xctest */,
				FC778933208A660E005B6AE6 /* MeMeUITests.xctest */,
			);
			name = Products;
			sourceTree = "<group>";
		};
		FC778916208A660D005B6AE6 /* MeMe */ = {
			isa = PBXGroup;
			children = (
				9E7C090220C4C41F002C89C3 /* Model */,
				9E7C090120C4C41A002C89C3 /* Controller */,
				9E7C090020C4C40D002C89C3 /* VIew */,
				FC778917208A660D005B6AE6 /* AppDelegate.swift */,
				FC77891E208A660D005B6AE6 /* Assets.xcassets */,
				FC778923208A660D005B6AE6 /* Info.plist */,
			);
			path = MeMe;
			sourceTree = "<group>";
		};
		FC77892B208A660E005B6AE6 /* MeMeTests */ = {
			isa = PBXGroup;
			children = (
				FC77892C208A660E005B6AE6 /* MeMeTests.swift */,
				FC77892E208A660E005B6AE6 /* Info.plist */,
			);
			path = MeMeTests;
			sourceTree = "<group>";
		};
		FC778936208A660E005B6AE6 /* MeMeUITests */ = {
			isa = PBXGroup;
			children = (
				FC778937208A660E005B6AE6 /* MeMeUITests.swift */,
				FC778939208A660E005B6AE6 /* Info.plist */,
			);
			path = MeMeUITests;
			sourceTree = "<group>";
		};
/* End PBXGroup section */

/* Begin PBXNativeTarget section */
		FC778913208A660D005B6AE6 /* MeMe */ = {
			isa = PBXNativeTarget;
			buildConfigurationList = FC77893C208A660E005B6AE6 /* Build configuration list for PBXNativeTarget "MeMe" */;
			buildPhases = (
				FC778910208A660D005B6AE6 /* Sources */,
				FC778911208A660D005B6AE6 /* Frameworks */,
				FC778912208A660D005B6AE6 /* Resources */,
			);
			buildRules = (
			);
			dependencies = (
			);
			name = MeMe;
			productName = MeMe;
			productReference = FC778914208A660D005B6AE6 /* MeMe.app */;
			productType = "com.apple.product-type.application";
		};
		FC778927208A660E005B6AE6 /* MeMeTests */ = {
			isa = PBXNativeTarget;
			buildConfigurationList = FC77893F208A660E005B6AE6 /* Build configuration list for PBXNativeTarget "MeMeTests" */;
			buildPhases = (
				FC778924208A660E005B6AE6 /* Sources */,
				FC778925208A660E005B6AE6 /* Frameworks */,
				FC778926208A660E005B6AE6 /* Resources */,
			);
			buildRules = (
			);
			dependencies = (
				FC77892A208A660E005B6AE6 /* PBXTargetDependency */,
			);
			name = MeMeTests;
			productName = MeMeTests;
			productReference = FC778928208A660E005B6AE6 /* MeMeTests.xctest */;
			productType = "com.apple.product-type.bundle.unit-test";
		};
		FC778932208A660E005B6AE6 /* MeMeUITests */ = {
			isa = PBXNativeTarget;
			buildConfigurationList = FC778942208A660E005B6AE6 /* Build configuration list for PBXNativeTarget "MeMeUITests" */;
			buildPhases = (
				FC77892F208A660E005B6AE6 /* Sources */,
				FC778930208A660E005B6AE6 /* Frameworks */,
				FC778931208A660E005B6AE6 /* Resources */,
			);
			buildRules = (
			);
			dependencies = (
				FC778935208A660E005B6AE6 /* PBXTargetDependency */,
			);
			name = MeMeUITests;
			productName = MeMeUITests;
			productReference = FC778933208A660E005B6AE6 /* MeMeUITests.xctest */;
			productType = "com.apple.product-type.bundle.ui-testing";
		};
/* End PBXNativeTarget section */

/* Begin PBXProject section */
		FC77890C208A660D005B6AE6 /* Project object */ = {
			isa = PBXProject;
			attributes = {
				LastSwiftUpdateCheck = 0920;
				LastUpgradeCheck = 0920;
				ORGANIZATIONNAME = "Rafael Cunha de Oliveira";
				TargetAttributes = {
					FC778913208A660D005B6AE6 = {
						CreatedOnToolsVersion = 9.2;
						ProvisioningStyle = Automatic;
					};
					FC778927208A660E005B6AE6 = {
						CreatedOnToolsVersion = 9.2;
						ProvisioningStyle = Automatic;
						TestTargetID = FC778913208A660D005B6AE6;
					};
					FC778932208A660E005B6AE6 = {
						CreatedOnToolsVersion = 9.2;
						ProvisioningStyle = Automatic;
						TestTargetID = FC778913208A660D005B6AE6;
					};
				};
			};
			buildConfigurationList = FC77890F208A660D005B6AE6 /* Build configuration list for PBXProject "MeMe" */;
			compatibilityVersion = "Xcode 8.0";
			developmentRegion = en;
			hasScannedForEncodings = 0;
			knownRegions = (
				en,
				Base,
			);
			mainGroup = FC77890B208A660D005B6AE6;
			productRefGroup = FC778915208A660D005B6AE6 /* Products */;
			projectDirPath = "";
			projectRoot = "";
			targets = (
				FC778913208A660D005B6AE6 /* MeMe */,
				FC778927208A660E005B6AE6 /* MeMeTests */,
				FC778932208A660E005B6AE6 /* MeMeUITests */,
			);
		};
/* End PBXProject section */

/* Begin PBXResourcesBuildPhase section */
		FC778912208A660D005B6AE6 /* Resources */ = {
			isa = PBXResourcesBuildPhase;
			buildActionMask = 2147483647;
			files = (
				FC778922208A660D005B6AE6 /* LaunchScreen.storyboard in Resources */,
				FC77891F208A660D005B6AE6 /* Assets.xcassets in Resources */,
				FC77891D208A660D005B6AE6 /* MeMeGenerator.storyboard in Resources */,
			);
			runOnlyForDeploymentPostprocessing = 0;
		};
		FC778926208A660E005B6AE6 /* Resources */ = {
			isa = PBXResourcesBuildPhase;
			buildActionMask = 2147483647;
			files = (
			);
			runOnlyForDeploymentPostprocessing = 0;
		};
		FC778931208A660E005B6AE6 /* Resources */ = {
			isa = PBXResourcesBuildPhase;
			buildActionMask = 2147483647;
			files = (
			);
			runOnlyForDeploymentPostprocessing = 0;
		};
/* End PBXResourcesBuildPhase section */

/* Begin PBXSourcesBuildPhase section */
		FC778910208A660D005B6AE6 /* Sources */ = {
			isa = PBXSourcesBuildPhase;
			buildActionMask = 2147483647;
			files = (
				9E7C090B20C4E051002C89C3 /* MemeCollectionViewCell.swift in Sources */,
				9E7C090420C4C463002C89C3 /* Meme.swift in Sources */,
				FC77891A208A660D005B6AE6 /* MeMeGeneratorViewController.swift in Sources */,
				9E7C090920C4DD1C002C89C3 /* MemeTableViewCell.swift in Sources */,
				9E7C090D20C4E0AF002C89C3 /* MemeCollectionViewController.swift in Sources */,
				FC778918208A660D005B6AE6 /* AppDelegate.swift in Sources */,
				9E7C090620C4CD65002C89C3 /* MemeTableViewController.swift in Sources */,
			);
			runOnlyForDeploymentPostprocessing = 0;
		};
		FC778924208A660E005B6AE6 /* Sources */ = {
			isa = PBXSourcesBuildPhase;
			buildActionMask = 2147483647;
			files = (
				FC77892D208A660E005B6AE6 /* MeMeTests.swift in Sources */,
			);
			runOnlyForDeploymentPostprocessing = 0;
		};
		FC77892F208A660E005B6AE6 /* Sources */ = {
			isa = PBXSourcesBuildPhase;
			buildActionMask = 2147483647;
			files = (
				FC778938208A660E005B6AE6 /* MeMeUITests.swift in Sources */,
			);
			runOnlyForDeploymentPostprocessing = 0;
		};
/* End PBXSourcesBuildPhase section */

/* Begin PBXTargetDependency section */
		FC77892A208A660E005B6AE6 /* PBXTargetDependency */ = {
			isa = PBXTargetDependency;
			target = FC778913208A660D005B6AE6 /* MeMe */;
			targetProxy = FC778929208A660E005B6AE6 /* PBXContainerItemProxy */;
		};
		FC778935208A660E005B6AE6 /* PBXTargetDependency */ = {
			isa = PBXTargetDependency;
			target = FC778913208A660D005B6AE6 /* MeMe */;
			targetProxy = FC778934208A660E005B6AE6 /* PBXContainerItemProxy */;
		};
/* End PBXTargetDependency section */

/* Begin PBXVariantGroup section */
		FC77891B208A660D005B6AE6 /* MeMeGenerator.storyboard */ = {
			isa = PBXVariantGroup;
			children = (
				FC77891C208A660D005B6AE6 /* Base */,
			);
			name = MeMeGenerator.storyboard;
			sourceTree = "<group>";
		};
		FC778920208A660D005B6AE6 /* LaunchScreen.storyboard */ = {
			isa = PBXVariantGroup;
			children = (
				FC778921208A660D005B6AE6 /* Base */,
			);
			name = LaunchScreen.storyboard;
			sourceTree = "<group>";
		};
/* End PBXVariantGroup section */

/* Begin XCBuildConfiguration section */
		FC77893A208A660E005B6AE6 /* Debug */ = {
			isa = XCBuildConfiguration;
			buildSettings = {
				ALWAYS_SEARCH_USER_PATHS = NO;
				CLANG_ANALYZER_NONNULL = YES;
				CLANG_ANALYZER_NUMBER_OBJECT_CONVERSION = YES_AGGRESSIVE;
				CLANG_CXX_LANGUAGE_STANDARD = "gnu++14";
				CLANG_CXX_LIBRARY = "libc++";
				CLANG_ENABLE_MODULES = YES;
				CLANG_ENABLE_OBJC_ARC = YES;
				CLANG_WARN_BLOCK_CAPTURE_AUTORELEASING = YES;
				CLANG_WARN_BOOL_CONVERSION = YES;
				CLANG_WARN_COMMA = YES;
				CLANG_WARN_CONSTANT_CONVERSION = YES;
				CLANG_WARN_DIRECT_OBJC_ISA_USAGE = YES_ERROR;
				CLANG_WARN_DOCUMENTATION_COMMENTS = YES;
				CLANG_WARN_EMPTY_BODY = YES;
				CLANG_WARN_ENUM_CONVERSION = YES;
				CLANG_WARN_INFINITE_RECURSION = YES;
				CLANG_WARN_INT_CONVERSION = YES;
				CLANG_WARN_NON_LITERAL_NULL_CONVERSION = YES;
				CLANG_WARN_OBJC_LITERAL_CONVERSION = YES;
				CLANG_WARN_OBJC_ROOT_CLASS = YES_ERROR;
				CLANG_WARN_RANGE_LOOP_ANALYSIS = YES;
				CLANG_WARN_STRICT_PROTOTYPES = YES;
				CLANG_WARN_SUSPICIOUS_MOVE = YES;
				CLANG_WARN_UNGUARDED_AVAILABILITY = YES_AGGRESSIVE;
				CLANG_WARN_UNREACHABLE_CODE = YES;
				CLANG_WARN__DUPLICATE_METHOD_MATCH = YES;
				CODE_SIGN_IDENTITY = "iPhone Developer";
				COPY_PHASE_STRIP = NO;
				DEBUG_INFORMATION_FORMAT = dwarf;
				ENABLE_STRICT_OBJC_MSGSEND = YES;
				ENABLE_TESTABILITY = YES;
				GCC_C_LANGUAGE_STANDARD = gnu11;
				GCC_DYNAMIC_NO_PIC = NO;
				GCC_NO_COMMON_BLOCKS = YES;
				GCC_OPTIMIZATION_LEVEL = 0;
				GCC_PREPROCESSOR_DEFINITIONS = (
					"DEBUG=1",
					"$(inherited)",
				);
				GCC_WARN_64_TO_32_BIT_CONVERSION = YES;
				GCC_WARN_ABOUT_RETURN_TYPE = YES_ERROR;
				GCC_WARN_UNDECLARED_SELECTOR = YES;
				GCC_WARN_UNINITIALIZED_AUTOS = YES_AGGRESSIVE;
				GCC_WARN_UNUSED_FUNCTION = YES;
				GCC_WARN_UNUSED_VARIABLE = YES;
				IPHONEOS_DEPLOYMENT_TARGET = 11.2;
				MTL_ENABLE_DEBUG_INFO = YES;
				ONLY_ACTIVE_ARCH = YES;
				SDKROOT = iphoneos;
				SWIFT_ACTIVE_COMPILATION_CONDITIONS = DEBUG;
				SWIFT_OPTIMIZATION_LEVEL = "-Onone";
			};
			name = Debug;
		};
		FC77893B208A660E005B6AE6 /* Release */ = {
			isa = XCBuildConfiguration;
			buildSettings = {
				ALWAYS_SEARCH_USER_PATHS = NO;
				CLANG_ANALYZER_NONNULL = YES;
				CLANG_ANALYZER_NUMBER_OBJECT_CONVERSION = YES_AGGRESSIVE;
				CLANG_CXX_LANGUAGE_STANDARD = "gnu++14";
				CLANG_CXX_LIBRARY = "libc++";
				CLANG_ENABLE_MODULES = YES;
				CLANG_ENABLE_OBJC_ARC = YES;
				CLANG_WARN_BLOCK_CAPTURE_AUTORELEASING = YES;
				CLANG_WARN_BOOL_CONVERSION = YES;
				CLANG_WARN_COMMA = YES;
				CLANG_WARN_CONSTANT_CONVERSION = YES;
				CLANG_WARN_DIRECT_OBJC_ISA_USAGE = YES_ERROR;
				CLANG_WARN_DOCUMENTATION_COMMENTS = YES;
				CLANG_WARN_EMPTY_BODY = YES;
				CLANG_WARN_ENUM_CONVERSION = YES;
				CLANG_WARN_INFINITE_RECURSION = YES;
				CLANG_WARN_INT_CONVERSION = YES;
				CLANG_WARN_NON_LITERAL_NULL_CONVERSION = YES;
				CLANG_WARN_OBJC_LITERAL_CONVERSION = YES;
				CLANG_WARN_OBJC_ROOT_CLASS = YES_ERROR;
				CLANG_WARN_RANGE_LOOP_ANALYSIS = YES;
				CLANG_WARN_STRICT_PROTOTYPES = YES;
				CLANG_WARN_SUSPICIOUS_MOVE = YES;
				CLANG_WARN_UNGUARDED_AVAILABILITY = YES_AGGRESSIVE;
				CLANG_WARN_UNREACHABLE_CODE = YES;
				CLANG_WARN__DUPLICATE_METHOD_MATCH = YES;
				CODE_SIGN_IDENTITY = "iPhone Developer";
				COPY_PHASE_STRIP = NO;
				DEBUG_INFORMATION_FORMAT = "dwarf-with-dsym";
				ENABLE_NS_ASSERTIONS = NO;
				ENABLE_STRICT_OBJC_MSGSEND = YES;
				GCC_C_LANGUAGE_STANDARD = gnu11;
				GCC_NO_COMMON_BLOCKS = YES;
				GCC_WARN_64_TO_32_BIT_CONVERSION = YES;
				GCC_WARN_ABOUT_RETURN_TYPE = YES_ERROR;
				GCC_WARN_UNDECLARED_SELECTOR = YES;
				GCC_WARN_UNINITIALIZED_AUTOS = YES_AGGRESSIVE;
				GCC_WARN_UNUSED_FUNCTION = YES;
				GCC_WARN_UNUSED_VARIABLE = YES;
				IPHONEOS_DEPLOYMENT_TARGET = 11.2;
				MTL_ENABLE_DEBUG_INFO = NO;
				SDKROOT = iphoneos;
				SWIFT_OPTIMIZATION_LEVEL = "-Owholemodule";
				VALIDATE_PRODUCT = YES;
			};
			name = Release;
		};
		FC77893D208A660E005B6AE6 /* Debug */ = {
			isa = XCBuildConfiguration;
			buildSettings = {
				ASSETCATALOG_COMPILER_APPICON_NAME = AppIcon;
				CODE_SIGN_STYLE = Automatic;
				DEVELOPMENT_TEAM = HD7HJ37Q3Q;
				INFOPLIST_FILE = MeMe/Info.plist;
				IPHONEOS_DEPLOYMENT_TARGET = 11.2;
				LD_RUNPATH_SEARCH_PATHS = "$(inherited) @executable_path/Frameworks";
				PRODUCT_BUNDLE_IDENTIFIER = RCO.MeMe;
				PRODUCT_NAME = "$(TARGET_NAME)";
				SWIFT_VERSION = 4.0;
				TARGETED_DEVICE_FAMILY = "1,2";
			};
			name = Debug;
		};
		FC77893E208A660E005B6AE6 /* Release */ = {
			isa = XCBuildConfiguration;
			buildSettings = {
				ASSETCATALOG_COMPILER_APPICON_NAME = AppIcon;
				CODE_SIGN_STYLE = Automatic;
				DEVELOPMENT_TEAM = HD7HJ37Q3Q;
				INFOPLIST_FILE = MeMe/Info.plist;
				IPHONEOS_DEPLOYMENT_TARGET = 11.2;
				LD_RUNPATH_SEARCH_PATHS = "$(inherited) @executable_path/Frameworks";
				PRODUCT_BUNDLE_IDENTIFIER = RCO.MeMe;
				PRODUCT_NAME = "$(TARGET_NAME)";
				SWIFT_VERSION = 4.0;
				TARGETED_DEVICE_FAMILY = "1,2";
			};
			name = Release;
		};
		FC778940208A660E005B6AE6 /* Debug */ = {
			isa = XCBuildConfiguration;
			buildSettings = {
				ALWAYS_EMBED_SWIFT_STANDARD_LIBRARIES = YES;
				BUNDLE_LOADER = "$(TEST_HOST)";
				CODE_SIGN_STYLE = Automatic;
				INFOPLIST_FILE = MeMeTests/Info.plist;
				LD_RUNPATH_SEARCH_PATHS = "$(inherited) @executable_path/Frameworks @loader_path/Frameworks";
				PRODUCT_BUNDLE_IDENTIFIER = RCO.MeMeTests;
				PRODUCT_NAME = "$(TARGET_NAME)";
				SWIFT_VERSION = 4.0;
				TARGETED_DEVICE_FAMILY = "1,2";
				TEST_HOST = "$(BUILT_PRODUCTS_DIR)/MeMe.app/MeMe";
			};
			name = Debug;
		};
		FC778941208A660E005B6AE6 /* Release */ = {
			isa = XCBuildConfiguration;
			buildSettings = {
				ALWAYS_EMBED_SWIFT_STANDARD_LIBRARIES = YES;
				BUNDLE_LOADER = "$(TEST_HOST)";
				CODE_SIGN_STYLE = Automatic;
				INFOPLIST_FILE = MeMeTests/Info.plist;
				LD_RUNPATH_SEARCH_PATHS = "$(inherited) @executable_path/Frameworks @loader_path/Frameworks";
				PRODUCT_BUNDLE_IDENTIFIER = RCO.MeMeTests;
				PRODUCT_NAME = "$(TARGET_NAME)";
				SWIFT_VERSION = 4.0;
				TARGETED_DEVICE_FAMILY = "1,2";
				TEST_HOST = "$(BUILT_PRODUCTS_DIR)/MeMe.app/MeMe";
			};
			name = Release;
		};
		FC778943208A660E005B6AE6 /* Debug */ = {
			isa = XCBuildConfiguration;
			buildSettings = {
				ALWAYS_EMBED_SWIFT_STANDARD_LIBRARIES = YES;
				CODE_SIGN_STYLE = Automatic;
				INFOPLIST_FILE = MeMeUITests/Info.plist;
				LD_RUNPATH_SEARCH_PATHS = "$(inherited) @executable_path/Frameworks @loader_path/Frameworks";
				PRODUCT_BUNDLE_IDENTIFIER = RCO.MeMeUITests;
				PRODUCT_NAME = "$(TARGET_NAME)";
				SWIFT_VERSION = 4.0;
				TARGETED_DEVICE_FAMILY = "1,2";
				TEST_TARGET_NAME = MeMe;
			};
			name = Debug;
		};
		FC778944208A660E005B6AE6 /* Release */ = {
			isa = XCBuildConfiguration;
			buildSettings = {
				ALWAYS_EMBED_SWIFT_STANDARD_LIBRARIES = YES;
				CODE_SIGN_STYLE = Automatic;
				INFOPLIST_FILE = MeMeUITests/Info.plist;
				LD_RUNPATH_SEARCH_PATHS = "$(inherited) @executable_path/Frameworks @loader_path/Frameworks";
				PRODUCT_BUNDLE_IDENTIFIER = RCO.MeMeUITests;
				PRODUCT_NAME = "$(TARGET_NAME)";
				SWIFT_VERSION = 4.0;
				TARGETED_DEVICE_FAMILY = "1,2";
				TEST_TARGET_NAME = MeMe;
			};
			name = Release;
		};
/* End XCBuildConfiguration section */

/* Begin XCConfigurationList section */
		FC77890F208A660D005B6AE6 /* Build configuration list for PBXProject "MeMe" */ = {
			isa = XCConfigurationList;
			buildConfigurations = (
				FC77893A208A660E005B6AE6 /* Debug */,
				FC77893B208A660E005B6AE6 /* Release */,
			);
			defaultConfigurationIsVisible = 0;
			defaultConfigurationName = Release;
		};
		FC77893C208A660E005B6AE6 /* Build configuration list for PBXNativeTarget "MeMe" */ = {
			isa = XCConfigurationList;
			buildConfigurations = (
				FC77893D208A660E005B6AE6 /* Debug */,
				FC77893E208A660E005B6AE6 /* Release */,
			);
			defaultConfigurationIsVisible = 0;
			defaultConfigurationName = Release;
		};
		FC77893F208A660E005B6AE6 /* Build configuration list for PBXNativeTarget "MeMeTests" */ = {
			isa = XCConfigurationList;
			buildConfigurations = (
				FC778940208A660E005B6AE6 /* Debug */,
				FC778941208A660E005B6AE6 /* Release */,
			);
			defaultConfigurationIsVisible = 0;
			defaultConfigurationName = Release;
		};
		FC778942208A660E005B6AE6 /* Build configuration list for PBXNativeTarget "MeMeUITests" */ = {
			isa = XCConfigurationList;
			buildConfigurations = (
				FC778943208A660E005B6AE6 /* Debug */,
				FC778944208A660E005B6AE6 /* Release */,
			);
			defaultConfigurationIsVisible = 0;
			defaultConfigurationName = Release;
		};
/* End XCConfigurationList section */
	};
	rootObject = FC77890C208A660D005B6AE6 /* Project object */;
}
